// !$*UTF8*$!
{
	archiveVersion = 1;
	classes = {
	};
	objectVersion = 50;
	objects = {

/* Begin PBXBuildFile section */
		9FC454C022C7BB670064083B /* AppDelegate.swift in Sources */ = {isa = PBXBuildFile; fileRef = 9FC454BF22C7BB670064083B /* AppDelegate.swift */; };
		9FC454C222C7BB670064083B /* SceneDelegate.swift in Sources */ = {isa = PBXBuildFile; fileRef = 9FC454C122C7BB670064083B /* SceneDelegate.swift */; };
		9FC454C722C7BB670064083B /* Main.storyboard in Resources */ = {isa = PBXBuildFile; fileRef = 9FC454C522C7BB670064083B /* Main.storyboard */; };
		9FC454C922C7BB680064083B /* Assets.xcassets in Resources */ = {isa = PBXBuildFile; fileRef = 9FC454C822C7BB680064083B /* Assets.xcassets */; };
		9FC454CC22C7BB680064083B /* LaunchScreen.storyboard in Resources */ = {isa = PBXBuildFile; fileRef = 9FC454CA22C7BB680064083B /* LaunchScreen.storyboard */; };
		9FC454D422C7BCF90064083B /* ACDNavigationController.swift in Sources */ = {isa = PBXBuildFile; fileRef = 9FC454D322C7BCF90064083B /* ACDNavigationController.swift */; };
		9FC454D622C7BD280064083B /* MainTableViewController.swift in Sources */ = {isa = PBXBuildFile; fileRef = 9FC454D522C7BD280064083B /* MainTableViewController.swift */; };
/* End PBXBuildFile section */

/* Begin PBXFileReference section */
		9FC454BC22C7BB670064083B /* NavigationInterface.app */ = {isa = PBXFileReference; explicitFileType = wrapper.application; includeInIndex = 0; path = NavigationInterface.app; sourceTree = BUILT_PRODUCTS_DIR; };
		9FC454BF22C7BB670064083B /* AppDelegate.swift */ = {isa = PBXFileReference; lastKnownFileType = sourcecode.swift; path = AppDelegate.swift; sourceTree = "<group>"; };
		9FC454C122C7BB670064083B /* SceneDelegate.swift */ = {isa = PBXFileReference; lastKnownFileType = sourcecode.swift; path = SceneDelegate.swift; sourceTree = "<group>"; };
		9FC454C622C7BB670064083B /* Base */ = {isa = PBXFileReference; lastKnownFileType = file.storyboard; name = Base; path = Base.lproj/Main.storyboard; sourceTree = "<group>"; };
		9FC454C822C7BB680064083B /* Assets.xcassets */ = {isa = PBXFileReference; lastKnownFileType = folder.assetcatalog; path = Assets.xcassets; sourceTree = "<group>"; };
		9FC454CB22C7BB680064083B /* Base */ = {isa = PBXFileReference; lastKnownFileType = file.storyboard; name = Base; path = Base.lproj/LaunchScreen.storyboard; sourceTree = "<group>"; };
		9FC454CD22C7BB680064083B /* Info.plist */ = {isa = PBXFileReference; lastKnownFileType = text.plist.xml; path = Info.plist; sourceTree = "<group>"; };
		9FC454D322C7BCF90064083B /* ACDNavigationController.swift */ = {isa = PBXFileReference; lastKnownFileType = sourcecode.swift; path = ACDNavigationController.swift; sourceTree = "<group>"; };
		9FC454D522C7BD280064083B /* MainTableViewController.swift */ = {isa = PBXFileReference; lastKnownFileType = sourcecode.swift; path = MainTableViewController.swift; sourceTree = "<group>"; };
/* End PBXFileReference section */

/* Begin PBXFrameworksBuildPhase section */
		9FC454B922C7BB670064083B /* Frameworks */ = {
			isa = PBXFrameworksBuildPhase;
			buildActionMask = 2147483647;
			files = (
			);
			runOnlyForDeploymentPostprocessing = 0;
		};
/* End PBXFrameworksBuildPhase section */

/* Begin PBXGroup section */
		9FC454B322C7BB670064083B = {
			isa = PBXGroup;
			children = (
				9FC454BE22C7BB670064083B /* NavigationInterface */,
				9FC454BD22C7BB670064083B /* Products */,
			);
			sourceTree = "<group>";
		};
		9FC454BD22C7BB670064083B /* Products */ = {
			isa = PBXGroup;
			children = (
				9FC454BC22C7BB670064083B /* NavigationInterface.app */,
			);
			name = Products;
			sourceTree = "<group>";
		};
		9FC454BE22C7BB670064083B /* NavigationInterface */ = {
			isa = PBXGroup;
			children = (
				9FC454D722C7BD5A0064083B /* ViewController */,
				9FC454BF22C7BB670064083B /* AppDelegate.swift */,
				9FC454C122C7BB670064083B /* SceneDelegate.swift */,
				9FC454C522C7BB670064083B /* Main.storyboard */,
				9FC454C822C7BB680064083B /* Assets.xcassets */,
				9FC454CA22C7BB680064083B /* LaunchScreen.storyboard */,
				9FC454CD22C7BB680064083B /* Info.plist */,
			);
			path = NavigationInterface;
			sourceTree = "<group>";
		};
		9FC454D722C7BD5A0064083B /* ViewController */ = {
			isa = PBXGroup;
			children = (
				9FC454D322C7BCF90064083B /* ACDNavigationController.swift */,
				9FC454D522C7BD280064083B /* MainTableViewController.swift */,
			);
			path = ViewController;
			sourceTree = "<group>";
		};
/* End PBXGroup section */

/* Begin PBXNativeTarget section */
		9FC454BB22C7BB670064083B /* NavigationInterface */ = {
			isa = PBXNativeTarget;
			buildConfigurationList = 9FC454D022C7BB680064083B /* Build configuration list for PBXNativeTarget "NavigationInterface" */;
			buildPhases = (
				9FC454B822C7BB670064083B /* Sources */,
				9FC454B922C7BB670064083B /* Frameworks */,
				9FC454BA22C7BB670064083B /* Resources */,
			);
			buildRules = (
			);
			dependencies = (
			);
			name = NavigationInterface;
			productName = NavigationInterface;
			productReference = 9FC454BC22C7BB670064083B /* NavigationInterface.app */;
			productType = "com.apple.product-type.application";
		};
/* End PBXNativeTarget section */

/* Begin PBXProject section */
		9FC454B422C7BB670064083B /* Project object */ = {
			isa = PBXProject;
			attributes = {
				LastSwiftUpdateCheck = 1100;
				LastUpgradeCheck = 1100;
				ORGANIZATIONNAME = nspangbo;
				TargetAttributes = {
					9FC454BB22C7BB670064083B = {
						CreatedOnToolsVersion = 11.0;
					};
				};
			};
			buildConfigurationList = 9FC454B722C7BB670064083B /* Build configuration list for PBXProject "NavigationInterface" */;
			compatibilityVersion = "Xcode 9.3";
			developmentRegion = en;
			hasScannedForEncodings = 0;
			knownRegions = (
				en,
				Base,
			);
			mainGroup = 9FC454B322C7BB670064083B;
			productRefGroup = 9FC454BD22C7BB670064083B /* Products */;
			projectDirPath = "";
			projectRoot = "";
			targets = (
				9FC454BB22C7BB670064083B /* NavigationInterface */,
			);
		};
/* End PBXProject section */

/* Begin PBXResourcesBuildPhase section */
		9FC454BA22C7BB670064083B /* Resources */ = {
			isa = PBXResourcesBuildPhase;
			buildActionMask = 2147483647;
			files = (
				9FC454CC22C7BB680064083B /* LaunchScreen.storyboard in Resources */,
				9FC454C922C7BB680064083B /* Assets.xcassets in Resources */,
				9FC454C722C7BB670064083B /* Main.storyboard in Resources */,
			);
			runOnlyForDeploymentPostprocessing = 0;
		};
/* End PBXResourcesBuildPhase section */

/* Begin PBXSourcesBuildPhase section */
		9FC454B822C7BB670064083B /* Sources */ = {
			isa = PBXSourcesBuildPhase;
			buildActionMask = 2147483647;
			files = (
				9FC454D622C7BD280064083B /* MainTableViewController.swift in Sources */,
				9FC454D422C7BCF90064083B /* ACDNavigationController.swift in Sources */,
				9FC454C022C7BB670064083B /* AppDelegate.swift in Sources */,
				9FC454C222C7BB670064083B /* SceneDelegate.swift in Sources */,
			);
			runOnlyForDeploymentPostprocessing = 0;
		};
/* End PBXSourcesBuildPhase section */

/* Begin PBXVariantGroup section */
		9FC454C522C7BB670064083B /* Main.storyboard */ = {
			isa = PBXVariantGroup;
			children = (
				9FC454C622C7BB670064083B /* Base */,
			);
			name = Main.storyboard;
			sourceTree = "<group>";
		};
		9FC454CA22C7BB680064083B /* LaunchScreen.storyboard */ = {
			isa = PBXVariantGroup;
			children = (
				9FC454CB22C7BB680064083B /* Base */,
			);
			name = LaunchScreen.storyboard;
			sourceTree = "<group>";
		};
/* End PBXVariantGroup section */

/* Begin XCBuildConfiguration section */
		9FC454CE22C7BB680064083B /* Debug */ = {
			isa = XCBuildConfiguration;
			buildSettings = {
				ALWAYS_SEARCH_USER_PATHS = NO;
				CLANG_ANALYZER_NONNULL = YES;
				CLANG_ANALYZER_NUMBER_OBJECT_CONVERSION = YES_AGGRESSIVE;
				CLANG_CXX_LANGUAGE_STANDARD = "gnu++14";
				CLANG_CXX_LIBRARY = "libc++";
				CLANG_ENABLE_MODULES = YES;
				CLANG_ENABLE_OBJC_ARC = YES;
				CLANG_ENABLE_OBJC_WEAK = YES;
				CLANG_WARN_BLOCK_CAPTURE_AUTORELEASING = YES;
				CLANG_WARN_BOOL_CONVERSION = YES;
				CLANG_WARN_COMMA = YES;
				CLANG_WARN_CONSTANT_CONVERSION = YES;
				CLANG_WARN_DEPRECATED_OBJC_IMPLEMENTATIONS = YES;
				CLANG_WARN_DIRECT_OBJC_ISA_USAGE = YES_ERROR;
				CLANG_WARN_DOCUMENTATION_COMMENTS = YES;
				CLANG_WARN_EMPTY_BODY = YES;
				CLANG_WARN_ENUM_CONVERSION = YES;
				CLANG_WARN_INFINITE_RECURSION = YES;
				CLANG_WARN_INT_CONVERSION = YES;
				CLANG_WARN_NON_LITERAL_NULL_CONVERSION = YES;
				CLANG_WARN_OBJC_IMPLICIT_RETAIN_SELF = YES;
				CLANG_WARN_OBJC_LITERAL_CONVERSION = YES;
				CLANG_WARN_OBJC_ROOT_CLASS = YES_ERROR;
				CLANG_WARN_RANGE_LOOP_ANALYSIS = YES;
				CLANG_WARN_STRICT_PROTOTYPES = YES;
				CLANG_WARN_SUSPICIOUS_MOVE = YES;
				CLANG_WARN_UNGUARDED_AVAILABILITY = YES_AGGRESSIVE;
				CLANG_WARN_UNREACHABLE_CODE = YES;
				CLANG_WARN__DUPLICATE_METHOD_MATCH = YES;
				COPY_PHASE_STRIP = NO;
				DEBUG_INFORMATION_FORMAT = dwarf;
				ENABLE_STRICT_OBJC_MSGSEND = YES;
				ENABLE_TESTABILITY = YES;
				GCC_C_LANGUAGE_STANDARD = gnu11;
				GCC_DYNAMIC_NO_PIC = NO;
				GCC_NO_COMMON_BLOCKS = YES;
				GCC_OPTIMIZATION_LEVEL = 0;
				GCC_PREPROCESSOR_DEFINITIONS = (
					"DEBUG=1",
					"$(inherited)",
				);
				GCC_WARN_64_TO_32_BIT_CONVERSION = YES;
				GCC_WARN_ABOUT_RETURN_TYPE = YES_ERROR;
				GCC_WARN_UNDECLARED_SELECTOR = YES;
				GCC_WARN_UNINITIALIZED_AUTOS = YES_AGGRESSIVE;
				GCC_WARN_UNUSED_FUNCTION = YES;
				GCC_WARN_UNUSED_VARIABLE = YES;
				IPHONEOS_DEPLOYMENT_TARGET = 13.0;
				MTL_ENABLE_DEBUG_INFO = INCLUDE_SOURCE;
				MTL_FAST_MATH = YES;
				ONLY_ACTIVE_ARCH = YES;
				SDKROOT = iphoneos;
				SWIFT_ACTIVE_COMPILATION_CONDITIONS = DEBUG;
				SWIFT_OPTIMIZATION_LEVEL = "-Onone";
			};
			name = Debug;
		};
		9FC454CF22C7BB680064083B /* Release */ = {
			isa = XCBuildConfiguration;
			buildSettings = {
				ALWAYS_SEARCH_USER_PATHS = NO;
				CLANG_ANALYZER_NONNULL = YES;
				CLANG_ANALYZER_NUMBER_OBJECT_CONVERSION = YES_AGGRESSIVE;
				CLANG_CXX_LANGUAGE_STANDARD = "gnu++14";
				CLANG_CXX_LIBRARY = "libc++";
				CLANG_ENABLE_MODULES = YES;
				CLANG_ENABLE_OBJC_ARC = YES;
				CLANG_ENABLE_OBJC_WEAK = YES;
				CLANG_WARN_BLOCK_CAPTURE_AUTORELEASING = YES;
				CLANG_WARN_BOOL_CONVERSION = YES;
				CLANG_WARN_COMMA = YES;
				CLANG_WARN_CONSTANT_CONVERSION = YES;
				CLANG_WARN_DEPRECATED_OBJC_IMPLEMENTATIONS = YES;
				CLANG_WARN_DIRECT_OBJC_ISA_USAGE = YES_ERROR;
				CLANG_WARN_DOCUMENTATION_COMMENTS = YES;
				CLANG_WARN_EMPTY_BODY = YES;
				CLANG_WARN_ENUM_CONVERSION = YES;
				CLANG_WARN_INFINITE_RECURSION = YES;
				CLANG_WARN_INT_CONVERSION = YES;
				CLANG_WARN_NON_LITERAL_NULL_CONVERSION = YES;
				CLANG_WARN_OBJC_IMPLICIT_RETAIN_SELF = YES;
				CLANG_WARN_OBJC_LITERAL_CONVERSION = YES;
				CLANG_WARN_OBJC_ROOT_CLASS = YES_ERROR;
				CLANG_WARN_RANGE_LOOP_ANALYSIS = YES;
				CLANG_WARN_STRICT_PROTOTYPES = YES;
				CLANG_WARN_SUSPICIOUS_MOVE = YES;
				CLANG_WARN_UNGUARDED_AVAILABILITY = YES_AGGRESSIVE;
				CLANG_WARN_UNREACHABLE_CODE = YES;
				CLANG_WARN__DUPLICATE_METHOD_MATCH = YES;
				COPY_PHASE_STRIP = NO;
				DEBUG_INFORMATION_FORMAT = "dwarf-with-dsym";
				ENABLE_NS_ASSERTIONS = NO;
				ENABLE_STRICT_OBJC_MSGSEND = YES;
				GCC_C_LANGUAGE_STANDARD = gnu11;
				GCC_NO_COMMON_BLOCKS = YES;
				GCC_WARN_64_TO_32_BIT_CONVERSION = YES;
				GCC_WARN_ABOUT_RETURN_TYPE = YES_ERROR;
				GCC_WARN_UNDECLARED_SELECTOR = YES;
				GCC_WARN_UNINITIALIZED_AUTOS = YES_AGGRESSIVE;
				GCC_WARN_UNUSED_FUNCTION = YES;
				GCC_WARN_UNUSED_VARIABLE = YES;
				IPHONEOS_DEPLOYMENT_TARGET = 13.0;
				MTL_ENABLE_DEBUG_INFO = NO;
				MTL_FAST_MATH = YES;
				SDKROOT = iphoneos;
				SWIFT_COMPILATION_MODE = wholemodule;
				SWIFT_OPTIMIZATION_LEVEL = "-O";
				VALIDATE_PRODUCT = YES;
			};
			name = Release;
		};
		9FC454D122C7BB680064083B /* Debug */ = {
			isa = XCBuildConfiguration;
			buildSettings = {
				ASSETCATALOG_COMPILER_APPICON_NAME = AppIcon;
				CODE_SIGN_STYLE = Automatic;
				INFOPLIST_FILE = NavigationInterface/Info.plist;
				LD_RUNPATH_SEARCH_PATHS = (
					"$(inherited)",
					"@executable_path/Frameworks",
				);
				PRODUCT_BUNDLE_IDENTIFIER = com.nspangbo.NavigationInterface;
				PRODUCT_NAME = "$(TARGET_NAME)";
				SWIFT_VERSION = 5.0;
				TARGETED_DEVICE_FAMILY = "1,2";
			};
			name = Debug;
		};
		9FC454D222C7BB680064083B /* Release */ = {
			isa = XCBuildConfiguration;
			buildSettings = {
				ASSETCATALOG_COMPILER_APPICON_NAME = AppIcon;
				CODE_SIGN_STYLE = Automatic;
				INFOPLIST_FILE = NavigationInterface/Info.plist;
				LD_RUNPATH_SEARCH_PATHS = (
					"$(inherited)",
					"@executable_path/Frameworks",
				);
				PRODUCT_BUNDLE_IDENTIFIER = com.nspangbo.NavigationInterface;
				PRODUCT_NAME = "$(TARGET_NAME)";
				SWIFT_VERSION = 5.0;
				TARGETED_DEVICE_FAMILY = "1,2";
			};
			name = Release;
		};
/* End XCBuildConfiguration section */

/* Begin XCConfigurationList section */
		9FC454B722C7BB670064083B /* Build configuration list for PBXProject "NavigationInterface" */ = {
			isa = XCConfigurationList;
			buildConfigurations = (
				9FC454CE22C7BB680064083B /* Debug */,
				9FC454CF22C7BB680064083B /* Release */,
			);
			defaultConfigurationIsVisible = 0;
			defaultConfigurationName = Release;
		};
		9FC454D022C7BB680064083B /* Build configuration list for PBXNativeTarget "NavigationInterface" */ = {
			isa = XCConfigurationList;
			buildConfigurations = (
				9FC454D122C7BB680064083B /* Debug */,
				9FC454D222C7BB680064083B /* Release */,
			);
			defaultConfigurationIsVisible = 0;
			defaultConfigurationName = Release;
		};
/* End XCConfigurationList section */
	};
	rootObject = 9FC454B422C7BB670064083B /* Project object */;
}
